github.com/neoul/libydb v0.0.0-20200410005758-7291ca11ca50 h1:1lPsv+raVZTfHJuePeURibnN/Y3+rsWrJiXoVyvC+A0=
github.com/neoul/libydb v0.0.0-20200410005758-7291ca11ca50/go.mod h1:NC3qdGDXriH8VNwLbS+3XsnlQcWi3mzffluE5eVfJpk=
golang.org/x/sys v0.0.0-20200409092240-59c9f1ba88fa h1:mQTN3ECqfsViCNBgq+A40vdwhkGykrrQlYe3mPj6BoU=
golang.org/x/sys v0.0.0-20200409092240-59c9f1ba88fa/go.mod h1:h1NjWce9XRLGQEsW7wpKNCjG9DtNlClVuFLEZdDNbEs=
